
Microsoft Visual Studio Solution File, Format Version 12.00
# Visual Studio 14
VisualStudioVersion = 14.0.25420.1
MinimumVisualStudioVersion = 10.0.40219.1
Project("{FAE04EC0-301F-11D3-BF4B-00C04F79EFBC}") = "ProjectX", "ProjectX\ProjectX.csproj", "{1C3589C3-3604-4FA1-93E9-6EB246C8007C}"
	ProjectSection(ProjectDependencies) = postProject
		{BD6944BE-7EBD-4B55-A1AE-5DFB721122CF} = {BD6944BE-7EBD-4B55-A1AE-5DFB721122CF}
	EndProjectSection
EndProject
Project("{FAE04EC0-301F-11D3-BF4B-00C04F79EFBC}") = "ProjectX.Services", "ProjectX.Services\ProjectX.Services.csproj", "{BD6944BE-7EBD-4B55-A1AE-5DFB721122CF}"
EndProject
Global
	GlobalSection(SolutionConfigurationPlatforms) = preSolution
		Debug|Any CPU = Debug|Any CPU
		Release|Any CPU = Release|Any CPU
	EndGlobalSection
	GlobalSection(ProjectConfigurationPlatforms) = postSolution
		{1C3589C3-3604-4FA1-93E9-6EB246C8007C}.Debug|Any CPU.ActiveCfg = Debug|Any CPU
		{1C3589C3-3604-4FA1-93E9-6EB246C8007C}.Debug|Any CPU.Build.0 = Debug|Any CPU
		{1C3589C3-3604-4FA1-93E9-6EB246C8007C}.Release|Any CPU.ActiveCfg = Release|Any CPU
		{1C3589C3-3604-4FA1-93E9-6EB246C8007C}.Release|Any CPU.Build.0 = Release|Any CPU
		{BD6944BE-7EBD-4B55-A1AE-5DFB721122CF}.Debug|Any CPU.ActiveCfg = Debug|Any CPU
		{BD6944BE-7EBD-4B55-A1AE-5DFB721122CF}.Debug|Any CPU.Build.0 = Debug|Any CPU
		{BD6944BE-7EBD-4B55-A1AE-5DFB721122CF}.Release|Any CPU.ActiveCfg = Release|Any CPU
		{BD6944BE-7EBD-4B55-A1AE-5DFB721122CF}.Release|Any CPU.Build.0 = Release|Any CPU
	EndGlobalSection
	GlobalSection(SolutionProperties) = preSolution
		HideSolutionNode = FALSE
	EndGlobalSection
EndGlobal
